Microsoft Visual Studio Solution File, Format Version 12.00
# Visual Studio Version 17
VisualStudioVersion = 17.5.2.0
MinimumVisualStudioVersion = 10.0.40219.1
Project("{FAE04EC0-301F-11D3-BF4B-00C04F79EFBC}") = "Gym Membership System", "Gym Membership System.csproj", "{B0119144-6ADA-0C09-2311-6682E6D381A3}"
EndProject
Global
	GlobalSection(SolutionConfigurationPlatforms) = preSolution
		Debug|Any CPU = Debug|Any CPU
		Release|Any CPU = Release|Any CPU
	EndGlobalSection
	GlobalSection(ProjectConfigurationPlatforms) = postSolution
		{B0119144-6ADA-0C09-2311-6682E6D381A3}.Debug|Any CPU.ActiveCfg = Debug|Any CPU
		{B0119144-6ADA-0C09-2311-6682E6D381A3}.Debug|Any CPU.Build.0 = Debug|Any CPU
		{B0119144-6ADA-0C09-2311-6682E6D381A3}.Release|Any CPU.ActiveCfg = Release|Any CPU
		{B0119144-6ADA-0C09-2311-6682E6D381A3}.Release|Any CPU.Build.0 = Release|Any CPU
	EndGlobalSection
	GlobalSection(SolutionProperties) = preSolution
		HideSolutionNode = FALSE
	EndGlobalSection
	GlobalSection(ExtensibilityGlobals) = postSolution
		SolutionGuid = {3476E486-85AE-4136-B220-6D3715941800}
	EndGlobalSection
EndGlobal
